
Microsoft Visual Studio Solution File, Format Version 12.00
# Visual Studio Version 16
VisualStudioVersion = 16.0.30114.105
MinimumVisualStudioVersion = 10.0.40219.1
Project("{FAE04EC0-301F-11D3-BF4B-00C04F79EFBC}") = "CameraViewDesktop", "CameraViewDesktop\CameraViewDesktop.csproj", "{3DD4424C-BBAD-47DB-AE32-9218E648C286}"
EndProject
Project("{2150E333-8FDC-42A3-9474-1A3956D46DE8}") = "Solution Items", "Solution Items", "{361747B1-84FC-425D-93B1-1B034C54717B}"
	ProjectSection(SolutionItems) = preProject
		LICENSE = LICENSE
		README.md = README.md
	EndProjectSection
EndProject
Global
	GlobalSection(SolutionConfigurationPlatforms) = preSolution
		Debug|Any CPU = Debug|Any CPU
		Release|Any CPU = Release|Any CPU
	EndGlobalSection
	GlobalSection(ProjectConfigurationPlatforms) = postSolution
		{3DD4424C-BBAD-47DB-AE32-9218E648C286}.Debug|Any CPU.ActiveCfg = Debug|Any CPU
		{3DD4424C-BBAD-47DB-AE32-9218E648C286}.Debug|Any CPU.Build.0 = Debug|Any CPU
		{3DD4424C-BBAD-47DB-AE32-9218E648C286}.Release|Any CPU.ActiveCfg = Release|Any CPU
		{3DD4424C-BBAD-47DB-AE32-9218E648C286}.Release|Any CPU.Build.0 = Release|Any CPU
	EndGlobalSection
	GlobalSection(SolutionProperties) = preSolution
		HideSolutionNode = FALSE
	EndGlobalSection
	GlobalSection(ExtensibilityGlobals) = postSolution
		SolutionGuid = {5D9DFEE8-23A1-45A3-87DA-DF743C622582}
	EndGlobalSection
EndGlobal
